{
  "name": "hydra-node",
  "version": "0.0.1",
  "lockfileVersion": 1,
  "requires": true,
  "dependencies": {
    "eventemitter2": {
      "version": "0.4.14",
      "resolved": "https://registry.npmjs.org/eventemitter2/-/eventemitter2-0.4.14.tgz",
      "integrity": "sha1-j2G3XN4BKy6esoTUVFWDtWQ7Yas="
    },
    "lazy": {
      "version": "1.0.11",
      "resolved": "https://registry.npmjs.org/lazy/-/lazy-1.0.11.tgz",
      "integrity": "sha1-2qBoIGKCVCwIgojpdcKXwa53tpA="
    },
    "netmask": {
      "version": "1.0.6",
      "resolved": "https://registry.npmjs.org/netmask/-/netmask-1.0.6.tgz",
      "integrity": "sha1-ICl+idhvb2QA8lDZ9Pa0wZRfzTU="
    },
    "nssocket": {
      "version": "0.6.0",
      "resolved": "https://registry.npmjs.org/nssocket/-/nssocket-0.6.0.tgz",
      "integrity": "sha1-Wflvb/MhVm8zxw99vu7N/cBxVPo=",
      "requires": {
        "eventemitter2": "0.4.14",
        "lazy": "1.0.11"
      }
    },
    "smokesignal": {
      "version": "0.2.2",
      "resolved": "https://registry.npmjs.org/smokesignal/-/smokesignal-0.2.2.tgz",
      "integrity": "sha1-P/b1nfl8C3JNg9Z7Pj0c6niH0VE=",
      "requires": {
        "netmask": "1.0.6",
        "nssocket": "0.6.0"
      }
    }
  }
}
